
Microsoft Visual Studio Solution File, Format Version 9.00
# Visual Studio 2005
Project("{FAE04EC0-301F-11D3-BF4B-00C04F79EFBC}") = "Siesaso.Hibernate", "Siesaso.Hibernate\Siesaso.Hibernate.csproj", "{7FDB559B-02FB-4D65-A9AB-EFE25E39F6A8}"
EndProject
Project("{FAE04EC0-301F-11D3-BF4B-00C04F79EFBC}") = "Siesaso.Test.Gui", "Siesaso.Test.Gui\Siesaso.Test.Gui.csproj", "{F1F391B8-DAFB-4B2C-AA2C-CF69997916DA}"
EndProject
Project("{FAE04EC0-301F-11D3-BF4B-00C04F79EFBC}") = "Siesaso.Test.Nunit", "Siesaso.Test.Nunit\Siesaso.Test.Nunit.csproj", "{1B16F8FB-6CBC-4F0C-81B8-FB7EC7753F3C}"
EndProject
Project("{2150E333-8FDC-42A3-9474-1A3956D46DE8}") = "Solution Items", "Solution Items", "{49D9E754-03FC-4971-9C1E-1E761B703C5A}"
	ProjectSection(SolutionItems) = preProject
		nant.build = nant.build
	EndProjectSection
EndProject
Project("{FAE04EC0-301F-11D3-BF4B-00C04F79EFBC}") = "Dotnetuc.NHibernate", "Dotnetuc.NHibernate\Dotnetuc.NHibernate.csproj", "{31704FEC-6582-4C99-B2A3-8CF53F8B8E97}"
EndProject
Project("{FAE04EC0-301F-11D3-BF4B-00C04F79EFBC}") = "Dotnetuc.Forms", "Dotnetuc.Forms\Dotnetuc.Forms.csproj", "{D3B58FD4-9608-4904-8F9C-DB5CEB056EA7}"
EndProject
Project("{FAE04EC0-301F-11D3-BF4B-00C04F79EFBC}") = "Siesaso.Controls", "Siesaso.Controls\Siesaso.Controls.csproj", "{92D8F05A-09F7-4897-82E3-9CE2A9D39C0F}"
EndProject
Project("{FAE04EC0-301F-11D3-BF4B-00C04F79EFBC}") = "Siesaso.Anmeldung2Csv", "Siesaso.Anmeldung2Csv\Siesaso.Anmeldung2Csv.csproj", "{70F09DCA-D6A0-405F-AF01-641582327A03}"
EndProject
Project("{FAE04EC0-301F-11D3-BF4B-00C04F79EFBC}") = "Dotnetuc.CsvMapper", "Dotnetuc.CsvMapper\Dotnetuc.CsvMapper.csproj", "{F4F98038-B3F0-4CE1-AD3A-A7BFBBB67063}"
EndProject
Global
	GlobalSection(SolutionConfigurationPlatforms) = preSolution
		Debug|Any CPU = Debug|Any CPU
		Release|Any CPU = Release|Any CPU
	EndGlobalSection
	GlobalSection(ProjectConfigurationPlatforms) = postSolution
		{7FDB559B-02FB-4D65-A9AB-EFE25E39F6A8}.Debug|Any CPU.ActiveCfg = Debug|Any CPU
		{7FDB559B-02FB-4D65-A9AB-EFE25E39F6A8}.Debug|Any CPU.Build.0 = Debug|Any CPU
		{7FDB559B-02FB-4D65-A9AB-EFE25E39F6A8}.Release|Any CPU.ActiveCfg = Release|Any CPU
		{7FDB559B-02FB-4D65-A9AB-EFE25E39F6A8}.Release|Any CPU.Build.0 = Release|Any CPU
		{F1F391B8-DAFB-4B2C-AA2C-CF69997916DA}.Debug|Any CPU.ActiveCfg = Debug|Any CPU
		{F1F391B8-DAFB-4B2C-AA2C-CF69997916DA}.Debug|Any CPU.Build.0 = Debug|Any CPU
		{F1F391B8-DAFB-4B2C-AA2C-CF69997916DA}.Release|Any CPU.ActiveCfg = Release|Any CPU
		{F1F391B8-DAFB-4B2C-AA2C-CF69997916DA}.Release|Any CPU.Build.0 = Release|Any CPU
		{1B16F8FB-6CBC-4F0C-81B8-FB7EC7753F3C}.Debug|Any CPU.ActiveCfg = Debug|Any CPU
		{1B16F8FB-6CBC-4F0C-81B8-FB7EC7753F3C}.Debug|Any CPU.Build.0 = Debug|Any CPU
		{1B16F8FB-6CBC-4F0C-81B8-FB7EC7753F3C}.Release|Any CPU.ActiveCfg = Release|Any CPU
		{1B16F8FB-6CBC-4F0C-81B8-FB7EC7753F3C}.Release|Any CPU.Build.0 = Release|Any CPU
		{31704FEC-6582-4C99-B2A3-8CF53F8B8E97}.Debug|Any CPU.ActiveCfg = Debug|Any CPU
		{31704FEC-6582-4C99-B2A3-8CF53F8B8E97}.Debug|Any CPU.Build.0 = Debug|Any CPU
		{31704FEC-6582-4C99-B2A3-8CF53F8B8E97}.Release|Any CPU.ActiveCfg = Release|Any CPU
		{31704FEC-6582-4C99-B2A3-8CF53F8B8E97}.Release|Any CPU.Build.0 = Release|Any CPU
		{D3B58FD4-9608-4904-8F9C-DB5CEB056EA7}.Debug|Any CPU.ActiveCfg = Debug|Any CPU
		{D3B58FD4-9608-4904-8F9C-DB5CEB056EA7}.Debug|Any CPU.Build.0 = Debug|Any CPU
		{D3B58FD4-9608-4904-8F9C-DB5CEB056EA7}.Release|Any CPU.ActiveCfg = Release|Any CPU
		{D3B58FD4-9608-4904-8F9C-DB5CEB056EA7}.Release|Any CPU.Build.0 = Release|Any CPU
		{92D8F05A-09F7-4897-82E3-9CE2A9D39C0F}.Debug|Any CPU.ActiveCfg = Debug|Any CPU
		{92D8F05A-09F7-4897-82E3-9CE2A9D39C0F}.Debug|Any CPU.Build.0 = Debug|Any CPU
		{92D8F05A-09F7-4897-82E3-9CE2A9D39C0F}.Release|Any CPU.ActiveCfg = Release|Any CPU
		{92D8F05A-09F7-4897-82E3-9CE2A9D39C0F}.Release|Any CPU.Build.0 = Release|Any CPU
		{70F09DCA-D6A0-405F-AF01-641582327A03}.Debug|Any CPU.ActiveCfg = Debug|Any CPU
		{70F09DCA-D6A0-405F-AF01-641582327A03}.Debug|Any CPU.Build.0 = Debug|Any CPU
		{70F09DCA-D6A0-405F-AF01-641582327A03}.Release|Any CPU.ActiveCfg = Release|Any CPU
		{70F09DCA-D6A0-405F-AF01-641582327A03}.Release|Any CPU.Build.0 = Release|Any CPU
		{F4F98038-B3F0-4CE1-AD3A-A7BFBBB67063}.Debug|Any CPU.ActiveCfg = Debug|Any CPU
		{F4F98038-B3F0-4CE1-AD3A-A7BFBBB67063}.Debug|Any CPU.Build.0 = Debug|Any CPU
		{F4F98038-B3F0-4CE1-AD3A-A7BFBBB67063}.Release|Any CPU.ActiveCfg = Release|Any CPU
		{F4F98038-B3F0-4CE1-AD3A-A7BFBBB67063}.Release|Any CPU.Build.0 = Release|Any CPU
	EndGlobalSection
	GlobalSection(SolutionProperties) = preSolution
		HideSolutionNode = FALSE
	EndGlobalSection
EndGlobal
